
Microsoft Visual Studio Solution File, Format Version 12.00
# Visual Studio Version 17
VisualStudioVersion = 17.0.31611.283
MinimumVisualStudioVersion = 10.0.40219.1
Project("{9A19103F-16F7-4668-BE54-9A1E7A4F7556}") = "EnqApp.Component", "EnqApp.Component\EnqApp.Component.csproj", "{3A304065-B4FD-49AB-842C-6455ED49D76D}"
EndProject
Project("{9A19103F-16F7-4668-BE54-9A1E7A4F7556}") = "EnqAppMAUI", "EnqAppMAUI\EnqAppMAUI.csproj", "{7391077A-9C59-4F42-8CA3-612FF6E500BE}"
EndProject
Global
	GlobalSection(SolutionConfigurationPlatforms) = preSolution
		Debug|Any CPU = Debug|Any CPU
		Release|Any CPU = Release|Any CPU
	EndGlobalSection
	GlobalSection(ProjectConfigurationPlatforms) = postSolution
		{3A304065-B4FD-49AB-842C-6455ED49D76D}.Debug|Any CPU.ActiveCfg = Debug|Any CPU
		{3A304065-B4FD-49AB-842C-6455ED49D76D}.Debug|Any CPU.Build.0 = Debug|Any CPU
		{3A304065-B4FD-49AB-842C-6455ED49D76D}.Release|Any CPU.ActiveCfg = Release|Any CPU
		{3A304065-B4FD-49AB-842C-6455ED49D76D}.Release|Any CPU.Build.0 = Release|Any CPU
		{7391077A-9C59-4F42-8CA3-612FF6E500BE}.Debug|Any CPU.ActiveCfg = Debug|Any CPU
		{7391077A-9C59-4F42-8CA3-612FF6E500BE}.Debug|Any CPU.Build.0 = Debug|Any CPU
		{7391077A-9C59-4F42-8CA3-612FF6E500BE}.Debug|Any CPU.Deploy.0 = Debug|Any CPU
		{7391077A-9C59-4F42-8CA3-612FF6E500BE}.Release|Any CPU.ActiveCfg = Release|Any CPU
		{7391077A-9C59-4F42-8CA3-612FF6E500BE}.Release|Any CPU.Build.0 = Release|Any CPU
		{7391077A-9C59-4F42-8CA3-612FF6E500BE}.Release|Any CPU.Deploy.0 = Release|Any CPU
	EndGlobalSection
	GlobalSection(SolutionProperties) = preSolution
		HideSolutionNode = FALSE
	EndGlobalSection
	GlobalSection(ExtensibilityGlobals) = postSolution
		SolutionGuid = {61F7FB11-1E47-470C-91E2-47F8143E1572}
	EndGlobalSection
EndGlobal
